
Microsoft Visual Studio Solution File, Format Version 12.00
# Visual Studio Version 17
VisualStudioVersion = 17.12.35527.113 d17.12
MinimumVisualStudioVersion = 10.0.40219.1
Project("{FAE04EC0-301F-11D3-BF4B-00C04F79EFBC}") = "KafkaConsumer", "KafkaConsumer\KafkaConsumer.csproj", "{5990B394-F925-48B4-B708-54F9C18D4E67}"
EndProject
Project("{FAE04EC0-301F-11D3-BF4B-00C04F79EFBC}") = "KafkaProducer", "KafkaProducer\KafkaProducer.csproj", "{AE102189-13C4-492B-A2F0-4A10A102EE8B}"
EndProject
Global
	GlobalSection(SolutionConfigurationPlatforms) = preSolution
		Debug|Any CPU = Debug|Any CPU
		Release|Any CPU = Release|Any CPU
	EndGlobalSection
	GlobalSection(ProjectConfigurationPlatforms) = postSolution
		{5990B394-F925-48B4-B708-54F9C18D4E67}.Debug|Any CPU.ActiveCfg = Debug|Any CPU
		{5990B394-F925-48B4-B708-54F9C18D4E67}.Debug|Any CPU.Build.0 = Debug|Any CPU
		{5990B394-F925-48B4-B708-54F9C18D4E67}.Release|Any CPU.ActiveCfg = Release|Any CPU
		{5990B394-F925-48B4-B708-54F9C18D4E67}.Release|Any CPU.Build.0 = Release|Any CPU
		{AE102189-13C4-492B-A2F0-4A10A102EE8B}.Debug|Any CPU.ActiveCfg = Debug|Any CPU
		{AE102189-13C4-492B-A2F0-4A10A102EE8B}.Debug|Any CPU.Build.0 = Debug|Any CPU
		{AE102189-13C4-492B-A2F0-4A10A102EE8B}.Release|Any CPU.ActiveCfg = Release|Any CPU
		{AE102189-13C4-492B-A2F0-4A10A102EE8B}.Release|Any CPU.Build.0 = Release|Any CPU
	EndGlobalSection
	GlobalSection(SolutionProperties) = preSolution
		HideSolutionNode = FALSE
	EndGlobalSection
EndGlobal
